
Microsoft Visual Studio Solution File, Format Version 12.00
# Visual Studio Version 16
VisualStudioVersion = 16.0.28803.202
MinimumVisualStudioVersion = 10.0.40219.1
Project("{FAE04EC0-301F-11D3-BF4B-00C04F79EFBC}") = "CemuUpdater", "CemuUpdater\CemuUpdater.csproj", "{C76CC25D-0789-4019-96BC-9450EB51EC29}"
EndProject
Global
	GlobalSection(SolutionConfigurationPlatforms) = preSolution
		Debug|Any CPU = Debug|Any CPU
		Release|Any CPU = Release|Any CPU
	EndGlobalSection
	GlobalSection(ProjectConfigurationPlatforms) = postSolution
		{C76CC25D-0789-4019-96BC-9450EB51EC29}.Debug|Any CPU.ActiveCfg = Debug|Any CPU
		{C76CC25D-0789-4019-96BC-9450EB51EC29}.Debug|Any CPU.Build.0 = Debug|Any CPU
		{C76CC25D-0789-4019-96BC-9450EB51EC29}.Release|Any CPU.ActiveCfg = Release|Any CPU
		{C76CC25D-0789-4019-96BC-9450EB51EC29}.Release|Any CPU.Build.0 = Release|Any CPU
	EndGlobalSection
	GlobalSection(SolutionProperties) = preSolution
		HideSolutionNode = FALSE
	EndGlobalSection
	GlobalSection(ExtensibilityGlobals) = postSolution
		SolutionGuid = {78B5E383-6C67-43C0-B31E-7508AAC215A8}
	EndGlobalSection
EndGlobal
